
Microsoft Visual Studio Solution File, Format Version 12.00
# Visual Studio 2013
VisualStudioVersion = 12.0.40629.0
MinimumVisualStudioVersion = 10.0.40219.1
Project("{8BC9CEB8-8B4A-11D0-8D11-00A0C91BC942}") = "MsKm", "MsKm\MsKm.vcxproj", "{CAC186BB-755A-4A0F-B4B3-93328BE0C41A}"
EndProject
Project("{8BC9CEB8-8B4A-11D0-8D11-00A0C91BC942}") = "MsKmTest", "MsKmTest\MsKmTest.vcxproj", "{52B09284-71DA-4042-96E8-45DA56C466B7}"
EndProject
Project("{8BC9CEB8-8B4A-11D0-8D11-00A0C91BC942}") = "MsKmSys", "MsKmSys\MsKmSys.vcxproj", "{B84ECA74-FB99-4220-84F5-BBDC87E9F988}"
EndProject
Global
	GlobalSection(SolutionConfigurationPlatforms) = preSolution
		Debug|Mixed Platforms = Debug|Mixed Platforms
		Debug|Win32 = Debug|Win32
		Debug|x64 = Debug|x64
		Release|Mixed Platforms = Release|Mixed Platforms
		Release|Win32 = Release|Win32
		Release|x64 = Release|x64
		Win7 Debug|Mixed Platforms = Win7 Debug|Mixed Platforms
		Win7 Debug|Win32 = Win7 Debug|Win32
		Win7 Debug|x64 = Win7 Debug|x64
		Win7 Release|Mixed Platforms = Win7 Release|Mixed Platforms
		Win7 Release|Win32 = Win7 Release|Win32
		Win7 Release|x64 = Win7 Release|x64
		Win8 Debug|Mixed Platforms = Win8 Debug|Mixed Platforms
		Win8 Debug|Win32 = Win8 Debug|Win32
		Win8 Debug|x64 = Win8 Debug|x64
		Win8 Release|Mixed Platforms = Win8 Release|Mixed Platforms
		Win8 Release|Win32 = Win8 Release|Win32
		Win8 Release|x64 = Win8 Release|x64
		Win8.1 Debug|Mixed Platforms = Win8.1 Debug|Mixed Platforms
		Win8.1 Debug|Win32 = Win8.1 Debug|Win32
		Win8.1 Debug|x64 = Win8.1 Debug|x64
		Win8.1 Release|Mixed Platforms = Win8.1 Release|Mixed Platforms
		Win8.1 Release|Win32 = Win8.1 Release|Win32
		Win8.1 Release|x64 = Win8.1 Release|x64
	EndGlobalSection
	GlobalSection(ProjectConfigurationPlatforms) = postSolution
		{CAC186BB-755A-4A0F-B4B3-93328BE0C41A}.Debug|Mixed Platforms.ActiveCfg = Debug|Win32
		{CAC186BB-755A-4A0F-B4B3-93328BE0C41A}.Debug|Mixed Platforms.Build.0 = Debug|Win32
		{CAC186BB-755A-4A0F-B4B3-93328BE0C41A}.Debug|Win32.ActiveCfg = Debug|Win32
		{CAC186BB-755A-4A0F-B4B3-93328BE0C41A}.Debug|Win32.Build.0 = Debug|Win32
		{CAC186BB-755A-4A0F-B4B3-93328BE0C41A}.Debug|x64.ActiveCfg = Debug|Win32
		{CAC186BB-755A-4A0F-B4B3-93328BE0C41A}.Release|Mixed Platforms.ActiveCfg = Release|Win32
		{CAC186BB-755A-4A0F-B4B3-93328BE0C41A}.Release|Mixed Platforms.Build.0 = Release|Win32
		{CAC186BB-755A-4A0F-B4B3-93328BE0C41A}.Release|Win32.ActiveCfg = Release|Win32
		{CAC186BB-755A-4A0F-B4B3-93328BE0C41A}.Release|Win32.Build.0 = Release|Win32
		{CAC186BB-755A-4A0F-B4B3-93328BE0C41A}.Release|x64.ActiveCfg = Release|Win32
		{CAC186BB-755A-4A0F-B4B3-93328BE0C41A}.Win7 Debug|Mixed Platforms.ActiveCfg = Debug|Win32
		{CAC186BB-755A-4A0F-B4B3-93328BE0C41A}.Win7 Debug|Mixed Platforms.Build.0 = Debug|Win32
		{CAC186BB-755A-4A0F-B4B3-93328BE0C41A}.Win7 Debug|Win32.ActiveCfg = Debug|Win32
		{CAC186BB-755A-4A0F-B4B3-93328BE0C41A}.Win7 Debug|Win32.Build.0 = Debug|Win32
		{CAC186BB-755A-4A0F-B4B3-93328BE0C41A}.Win7 Debug|x64.ActiveCfg = Debug|Win32
		{CAC186BB-755A-4A0F-B4B3-93328BE0C41A}.Win7 Release|Mixed Platforms.ActiveCfg = Release|Win32
		{CAC186BB-755A-4A0F-B4B3-93328BE0C41A}.Win7 Release|Mixed Platforms.Build.0 = Release|Win32
		{CAC186BB-755A-4A0F-B4B3-93328BE0C41A}.Win7 Release|Win32.ActiveCfg = Release|Win32
		{CAC186BB-755A-4A0F-B4B3-93328BE0C41A}.Win7 Release|Win32.Build.0 = Release|Win32
		{CAC186BB-755A-4A0F-B4B3-93328BE0C41A}.Win7 Release|x64.ActiveCfg = Release|Win32
		{CAC186BB-755A-4A0F-B4B3-93328BE0C41A}.Win8 Debug|Mixed Platforms.ActiveCfg = Debug|Win32
		{CAC186BB-755A-4A0F-B4B3-93328BE0C41A}.Win8 Debug|Mixed Platforms.Build.0 = Debug|Win32
		{CAC186BB-755A-4A0F-B4B3-93328BE0C41A}.Win8 Debug|Win32.ActiveCfg = Debug|Win32
		{CAC186BB-755A-4A0F-B4B3-93328BE0C41A}.Win8 Debug|Win32.Build.0 = Debug|Win32
		{CAC186BB-755A-4A0F-B4B3-93328BE0C41A}.Win8 Debug|x64.ActiveCfg = Debug|Win32
		{CAC186BB-755A-4A0F-B4B3-93328BE0C41A}.Win8 Release|Mixed Platforms.ActiveCfg = Release|Win32
		{CAC186BB-755A-4A0F-B4B3-93328BE0C41A}.Win8 Release|Mixed Platforms.Build.0 = Release|Win32
		{CAC186BB-755A-4A0F-B4B3-93328BE0C41A}.Win8 Release|Win32.ActiveCfg = Release|Win32
		{CAC186BB-755A-4A0F-B4B3-93328BE0C41A}.Win8 Release|Win32.Build.0 = Release|Win32
		{CAC186BB-755A-4A0F-B4B3-93328BE0C41A}.Win8 Release|x64.ActiveCfg = Release|Win32
		{CAC186BB-755A-4A0F-B4B3-93328BE0C41A}.Win8.1 Debug|Mixed Platforms.ActiveCfg = Debug|Win32
		{CAC186BB-755A-4A0F-B4B3-93328BE0C41A}.Win8.1 Debug|Mixed Platforms.Build.0 = Debug|Win32
		{CAC186BB-755A-4A0F-B4B3-93328BE0C41A}.Win8.1 Debug|Win32.ActiveCfg = Debug|Win32
		{CAC186BB-755A-4A0F-B4B3-93328BE0C41A}.Win8.1 Debug|Win32.Build.0 = Debug|Win32
		{CAC186BB-755A-4A0F-B4B3-93328BE0C41A}.Win8.1 Debug|x64.ActiveCfg = Debug|Win32
		{CAC186BB-755A-4A0F-B4B3-93328BE0C41A}.Win8.1 Release|Mixed Platforms.ActiveCfg = Release|Win32
		{CAC186BB-755A-4A0F-B4B3-93328BE0C41A}.Win8.1 Release|Mixed Platforms.Build.0 = Release|Win32
		{CAC186BB-755A-4A0F-B4B3-93328BE0C41A}.Win8.1 Release|Win32.ActiveCfg = Release|Win32
		{CAC186BB-755A-4A0F-B4B3-93328BE0C41A}.Win8.1 Release|Win32.Build.0 = Release|Win32
		{CAC186BB-755A-4A0F-B4B3-93328BE0C41A}.Win8.1 Release|x64.ActiveCfg = Release|Win32
		{52B09284-71DA-4042-96E8-45DA56C466B7}.Debug|Mixed Platforms.ActiveCfg = Debug|Win32
		{52B09284-71DA-4042-96E8-45DA56C466B7}.Debug|Mixed Platforms.Build.0 = Debug|Win32
		{52B09284-71DA-4042-96E8-45DA56C466B7}.Debug|Win32.ActiveCfg = Debug|Win32
		{52B09284-71DA-4042-96E8-45DA56C466B7}.Debug|Win32.Build.0 = Debug|Win32
		{52B09284-71DA-4042-96E8-45DA56C466B7}.Debug|x64.ActiveCfg = Debug|Win32
		{52B09284-71DA-4042-96E8-45DA56C466B7}.Release|Mixed Platforms.ActiveCfg = Release|Win32
		{52B09284-71DA-4042-96E8-45DA56C466B7}.Release|Mixed Platforms.Build.0 = Release|Win32
		{52B09284-71DA-4042-96E8-45DA56C466B7}.Release|Win32.ActiveCfg = Release|Win32
		{52B09284-71DA-4042-96E8-45DA56C466B7}.Release|Win32.Build.0 = Release|Win32
		{52B09284-71DA-4042-96E8-45DA56C466B7}.Release|x64.ActiveCfg = Release|Win32
		{52B09284-71DA-4042-96E8-45DA56C466B7}.Win7 Debug|Mixed Platforms.ActiveCfg = Debug|Win32
		{52B09284-71DA-4042-96E8-45DA56C466B7}.Win7 Debug|Mixed Platforms.Build.0 = Debug|Win32
		{52B09284-71DA-4042-96E8-45DA56C466B7}.Win7 Debug|Win32.ActiveCfg = Debug|Win32
		{52B09284-71DA-4042-96E8-45DA56C466B7}.Win7 Debug|Win32.Build.0 = Debug|Win32
		{52B09284-71DA-4042-96E8-45DA56C466B7}.Win7 Debug|x64.ActiveCfg = Debug|Win32
		{52B09284-71DA-4042-96E8-45DA56C466B7}.Win7 Release|Mixed Platforms.ActiveCfg = Release|Win32
		{52B09284-71DA-4042-96E8-45DA56C466B7}.Win7 Release|Mixed Platforms.Build.0 = Release|Win32
		{52B09284-71DA-4042-96E8-45DA56C466B7}.Win7 Release|Win32.ActiveCfg = Release|Win32
		{52B09284-71DA-4042-96E8-45DA56C466B7}.Win7 Release|Win32.Build.0 = Release|Win32
		{52B09284-71DA-4042-96E8-45DA56C466B7}.Win7 Release|x64.ActiveCfg = Release|Win32
		{52B09284-71DA-4042-96E8-45DA56C466B7}.Win8 Debug|Mixed Platforms.ActiveCfg = Debug|Win32
		{52B09284-71DA-4042-96E8-45DA56C466B7}.Win8 Debug|Mixed Platforms.Build.0 = Debug|Win32
		{52B09284-71DA-4042-96E8-45DA56C466B7}.Win8 Debug|Win32.ActiveCfg = Debug|Win32
		{52B09284-71DA-4042-96E8-45DA56C466B7}.Win8 Debug|Win32.Build.0 = Debug|Win32
		{52B09284-71DA-4042-96E8-45DA56C466B7}.Win8 Debug|x64.ActiveCfg = Debug|Win32
		{52B09284-71DA-4042-96E8-45DA56C466B7}.Win8 Release|Mixed Platforms.ActiveCfg = Release|Win32
		{52B09284-71DA-4042-96E8-45DA56C466B7}.Win8 Release|Mixed Platforms.Build.0 = Release|Win32
		{52B09284-71DA-4042-96E8-45DA56C466B7}.Win8 Release|Win32.ActiveCfg = Release|Win32
		{52B09284-71DA-4042-96E8-45DA56C466B7}.Win8 Release|Win32.Build.0 = Release|Win32
		{52B09284-71DA-4042-96E8-45DA56C466B7}.Win8 Release|x64.ActiveCfg = Release|Win32
		{52B09284-71DA-4042-96E8-45DA56C466B7}.Win8.1 Debug|Mixed Platforms.ActiveCfg = Debug|Win32
		{52B09284-71DA-4042-96E8-45DA56C466B7}.Win8.1 Debug|Mixed Platforms.Build.0 = Debug|Win32
		{52B09284-71DA-4042-96E8-45DA56C466B7}.Win8.1 Debug|Win32.ActiveCfg = Debug|Win32
		{52B09284-71DA-4042-96E8-45DA56C466B7}.Win8.1 Debug|Win32.Build.0 = Debug|Win32
		{52B09284-71DA-4042-96E8-45DA56C466B7}.Win8.1 Debug|x64.ActiveCfg = Debug|Win32
		{52B09284-71DA-4042-96E8-45DA56C466B7}.Win8.1 Release|Mixed Platforms.ActiveCfg = Release|Win32
		{52B09284-71DA-4042-96E8-45DA56C466B7}.Win8.1 Release|Mixed Platforms.Build.0 = Release|Win32
		{52B09284-71DA-4042-96E8-45DA56C466B7}.Win8.1 Release|Win32.ActiveCfg = Release|Win32
		{52B09284-71DA-4042-96E8-45DA56C466B7}.Win8.1 Release|Win32.Build.0 = Release|Win32
		{52B09284-71DA-4042-96E8-45DA56C466B7}.Win8.1 Release|x64.ActiveCfg = Release|Win32
		{B84ECA74-FB99-4220-84F5-BBDC87E9F988}.Debug|Mixed Platforms.ActiveCfg = Win8.1 Debug|Win32
		{B84ECA74-FB99-4220-84F5-BBDC87E9F988}.Debug|Mixed Platforms.Build.0 = Win8.1 Debug|Win32
		{B84ECA74-FB99-4220-84F5-BBDC87E9F988}.Debug|Mixed Platforms.Deploy.0 = Win8.1 Debug|Win32
		{B84ECA74-FB99-4220-84F5-BBDC87E9F988}.Debug|Win32.ActiveCfg = Win8.1 Debug|Win32
		{B84ECA74-FB99-4220-84F5-BBDC87E9F988}.Debug|Win32.Build.0 = Win8.1 Debug|Win32
		{B84ECA74-FB99-4220-84F5-BBDC87E9F988}.Debug|Win32.Deploy.0 = Win8.1 Debug|Win32
		{B84ECA74-FB99-4220-84F5-BBDC87E9F988}.Debug|x64.ActiveCfg = Win8.1 Debug|x64
		{B84ECA74-FB99-4220-84F5-BBDC87E9F988}.Debug|x64.Build.0 = Win8.1 Debug|x64
		{B84ECA74-FB99-4220-84F5-BBDC87E9F988}.Debug|x64.Deploy.0 = Win8.1 Debug|x64
		{B84ECA74-FB99-4220-84F5-BBDC87E9F988}.Release|Mixed Platforms.ActiveCfg = Win8.1 Release|Win32
		{B84ECA74-FB99-4220-84F5-BBDC87E9F988}.Release|Mixed Platforms.Build.0 = Win8.1 Release|Win32
		{B84ECA74-FB99-4220-84F5-BBDC87E9F988}.Release|Mixed Platforms.Deploy.0 = Win8.1 Release|Win32
		{B84ECA74-FB99-4220-84F5-BBDC87E9F988}.Release|Win32.ActiveCfg = Win8.1 Release|Win32
		{B84ECA74-FB99-4220-84F5-BBDC87E9F988}.Release|Win32.Build.0 = Win8.1 Release|Win32
		{B84ECA74-FB99-4220-84F5-BBDC87E9F988}.Release|Win32.Deploy.0 = Win8.1 Release|Win32
		{B84ECA74-FB99-4220-84F5-BBDC87E9F988}.Release|x64.ActiveCfg = Win8.1 Release|x64
		{B84ECA74-FB99-4220-84F5-BBDC87E9F988}.Release|x64.Build.0 = Win8.1 Release|x64
		{B84ECA74-FB99-4220-84F5-BBDC87E9F988}.Release|x64.Deploy.0 = Win8.1 Release|x64
		{B84ECA74-FB99-4220-84F5-BBDC87E9F988}.Win7 Debug|Mixed Platforms.ActiveCfg = Win7 Debug|Win32
		{B84ECA74-FB99-4220-84F5-BBDC87E9F988}.Win7 Debug|Mixed Platforms.Build.0 = Win7 Debug|Win32
		{B84ECA74-FB99-4220-84F5-BBDC87E9F988}.Win7 Debug|Mixed Platforms.Deploy.0 = Win7 Debug|Win32
		{B84ECA74-FB99-4220-84F5-BBDC87E9F988}.Win7 Debug|Win32.ActiveCfg = Win7 Debug|Win32
		{B84ECA74-FB99-4220-84F5-BBDC87E9F988}.Win7 Debug|Win32.Build.0 = Win7 Debug|Win32
		{B84ECA74-FB99-4220-84F5-BBDC87E9F988}.Win7 Debug|Win32.Deploy.0 = Win7 Debug|Win32
		{B84ECA74-FB99-4220-84F5-BBDC87E9F988}.Win7 Debug|x64.ActiveCfg = Win7 Debug|x64
		{B84ECA74-FB99-4220-84F5-BBDC87E9F988}.Win7 Debug|x64.Build.0 = Win7 Debug|x64
		{B84ECA74-FB99-4220-84F5-BBDC87E9F988}.Win7 Debug|x64.Deploy.0 = Win7 Debug|x64
		{B84ECA74-FB99-4220-84F5-BBDC87E9F988}.Win7 Release|Mixed Platforms.ActiveCfg = Win7 Release|Win32
		{B84ECA74-FB99-4220-84F5-BBDC87E9F988}.Win7 Release|Mixed Platforms.Build.0 = Win7 Release|Win32
		{B84ECA74-FB99-4220-84F5-BBDC87E9F988}.Win7 Release|Mixed Platforms.Deploy.0 = Win7 Release|Win32
		{B84ECA74-FB99-4220-84F5-BBDC87E9F988}.Win7 Release|Win32.ActiveCfg = Win7 Release|Win32
		{B84ECA74-FB99-4220-84F5-BBDC87E9F988}.Win7 Release|Win32.Build.0 = Win7 Release|Win32
		{B84ECA74-FB99-4220-84F5-BBDC87E9F988}.Win7 Release|Win32.Deploy.0 = Win7 Release|Win32
		{B84ECA74-FB99-4220-84F5-BBDC87E9F988}.Win7 Release|x64.ActiveCfg = Win7 Release|x64
		{B84ECA74-FB99-4220-84F5-BBDC87E9F988}.Win7 Release|x64.Build.0 = Win7 Release|x64
		{B84ECA74-FB99-4220-84F5-BBDC87E9F988}.Win7 Release|x64.Deploy.0 = Win7 Release|x64
		{B84ECA74-FB99-4220-84F5-BBDC87E9F988}.Win8 Debug|Mixed Platforms.ActiveCfg = Win8 Debug|Win32
		{B84ECA74-FB99-4220-84F5-BBDC87E9F988}.Win8 Debug|Mixed Platforms.Build.0 = Win8 Debug|Win32
		{B84ECA74-FB99-4220-84F5-BBDC87E9F988}.Win8 Debug|Mixed Platforms.Deploy.0 = Win8 Debug|Win32
		{B84ECA74-FB99-4220-84F5-BBDC87E9F988}.Win8 Debug|Win32.ActiveCfg = Win8 Debug|Win32
		{B84ECA74-FB99-4220-84F5-BBDC87E9F988}.Win8 Debug|Win32.Build.0 = Win8 Debug|Win32
		{B84ECA74-FB99-4220-84F5-BBDC87E9F988}.Win8 Debug|Win32.Deploy.0 = Win8 Debug|Win32
		{B84ECA74-FB99-4220-84F5-BBDC87E9F988}.Win8 Debug|x64.ActiveCfg = Win8 Debug|x64
		{B84ECA74-FB99-4220-84F5-BBDC87E9F988}.Win8 Debug|x64.Build.0 = Win8 Debug|x64
		{B84ECA74-FB99-4220-84F5-BBDC87E9F988}.Win8 Debug|x64.Deploy.0 = Win8 Debug|x64
		{B84ECA74-FB99-4220-84F5-BBDC87E9F988}.Win8 Release|Mixed Platforms.ActiveCfg = Win8 Release|Win32
		{B84ECA74-FB99-4220-84F5-BBDC87E9F988}.Win8 Release|Mixed Platforms.Build.0 = Win8 Release|Win32
		{B84ECA74-FB99-4220-84F5-BBDC87E9F988}.Win8 Release|Mixed Platforms.Deploy.0 = Win8 Release|Win32
		{B84ECA74-FB99-4220-84F5-BBDC87E9F988}.Win8 Release|Win32.ActiveCfg = Win8 Release|Win32
		{B84ECA74-FB99-4220-84F5-BBDC87E9F988}.Win8 Release|Win32.Build.0 = Win8 Release|Win32
		{B84ECA74-FB99-4220-84F5-BBDC87E9F988}.Win8 Release|Win32.Deploy.0 = Win8 Release|Win32
		{B84ECA74-FB99-4220-84F5-BBDC87E9F988}.Win8 Release|x64.ActiveCfg = Win8 Release|x64
		{B84ECA74-FB99-4220-84F5-BBDC87E9F988}.Win8 Release|x64.Build.0 = Win8 Release|x64
		{B84ECA74-FB99-4220-84F5-BBDC87E9F988}.Win8 Release|x64.Deploy.0 = Win8 Release|x64
		{B84ECA74-FB99-4220-84F5-BBDC87E9F988}.Win8.1 Debug|Mixed Platforms.ActiveCfg = Win8.1 Debug|Win32
		{B84ECA74-FB99-4220-84F5-BBDC87E9F988}.Win8.1 Debug|Mixed Platforms.Build.0 = Win8.1 Debug|Win32
		{B84ECA74-FB99-4220-84F5-BBDC87E9F988}.Win8.1 Debug|Mixed Platforms.Deploy.0 = Win8.1 Debug|Win32
		{B84ECA74-FB99-4220-84F5-BBDC87E9F988}.Win8.1 Debug|Win32.ActiveCfg = Win8.1 Debug|Win32
		{B84ECA74-FB99-4220-84F5-BBDC87E9F988}.Win8.1 Debug|Win32.Build.0 = Win8.1 Debug|Win32
		{B84ECA74-FB99-4220-84F5-BBDC87E9F988}.Win8.1 Debug|Win32.Deploy.0 = Win8.1 Debug|Win32
		{B84ECA74-FB99-4220-84F5-BBDC87E9F988}.Win8.1 Debug|x64.ActiveCfg = Win8.1 Debug|x64
		{B84ECA74-FB99-4220-84F5-BBDC87E9F988}.Win8.1 Debug|x64.Build.0 = Win8.1 Debug|x64
		{B84ECA74-FB99-4220-84F5-BBDC87E9F988}.Win8.1 Debug|x64.Deploy.0 = Win8.1 Debug|x64
		{B84ECA74-FB99-4220-84F5-BBDC87E9F988}.Win8.1 Release|Mixed Platforms.ActiveCfg = Win8.1 Release|Win32
		{B84ECA74-FB99-4220-84F5-BBDC87E9F988}.Win8.1 Release|Mixed Platforms.Build.0 = Win8.1 Release|Win32
		{B84ECA74-FB99-4220-84F5-BBDC87E9F988}.Win8.1 Release|Mixed Platforms.Deploy.0 = Win8.1 Release|Win32
		{B84ECA74-FB99-4220-84F5-BBDC87E9F988}.Win8.1 Release|Win32.ActiveCfg = Win8.1 Release|Win32
		{B84ECA74-FB99-4220-84F5-BBDC87E9F988}.Win8.1 Release|Win32.Build.0 = Win8.1 Release|Win32
		{B84ECA74-FB99-4220-84F5-BBDC87E9F988}.Win8.1 Release|Win32.Deploy.0 = Win8.1 Release|Win32
		{B84ECA74-FB99-4220-84F5-BBDC87E9F988}.Win8.1 Release|x64.ActiveCfg = Win8.1 Release|x64
		{B84ECA74-FB99-4220-84F5-BBDC87E9F988}.Win8.1 Release|x64.Build.0 = Win8.1 Release|x64
		{B84ECA74-FB99-4220-84F5-BBDC87E9F988}.Win8.1 Release|x64.Deploy.0 = Win8.1 Release|x64
	EndGlobalSection
	GlobalSection(SolutionProperties) = preSolution
		HideSolutionNode = FALSE
	EndGlobalSection
EndGlobal
